# This file is autogenerated, do not edit; changes may be undone by the next 'dep ensure'.


[[projects]]
  digest = "1:57aad2584efe9d5608b7cf5641fc39cbe820af0e9462ce5b28c88de0ec443051"
  name = "github.com/bitly/go-simplejson"
  packages = ["."]
  pruneopts = "UT"
  revision = "9002e63233f996404e710b9b29f53919c996d7ed"
  version = "v0.4.3"

[solve-meta]
  analyzer-name = "dep"
  analyzer-version = 1
  input-imports = ["github.com/bitly/go-simplejson"]
  solver-name = "gps-cdcl"
  solver-version = 1
